// !$*UTF8*$!
{
	archiveVersion = 1;
	classes = {
	};
	objectVersion = 55;
	objects = {

/* Begin PBXBuildFile section */
		D636ECEA27C6E71A00162A56 /* AppDelegate.swift in Sources */ = {isa = PBXBuildFile; fileRef = D636ECE927C6E71A00162A56 /* AppDelegate.swift */; };
		D636ECEC27C6E71A00162A56 /* SceneDelegate.swift in Sources */ = {isa = PBXBuildFile; fileRef = D636ECEB27C6E71A00162A56 /* SceneDelegate.swift */; };
		D636ECF127C6E71A00162A56 /* Main.storyboard in Resources */ = {isa = PBXBuildFile; fileRef = D636ECEF27C6E71A00162A56 /* Main.storyboard */; };
		D636ECF427C6E71A00162A56 /* AESport.xcdatamodeld in Sources */ = {isa = PBXBuildFile; fileRef = D636ECF227C6E71A00162A56 /* AESport.xcdatamodeld */; };
		D636ECF927C6E71B00162A56 /* LaunchScreen.storyboard in Resources */ = {isa = PBXBuildFile; fileRef = D636ECF727C6E71B00162A56 /* LaunchScreen.storyboard */; };
		D636ED0827C6E80700162A56 /* LeaguesTableViewController.swift in Sources */ = {isa = PBXBuildFile; fileRef = D636ED0727C6E80700162A56 /* LeaguesTableViewController.swift */; };
		D636ED0C27C6E83B00162A56 /* TeamDetailsViewController.swift in Sources */ = {isa = PBXBuildFile; fileRef = D636ED0B27C6E83B00162A56 /* TeamDetailsViewController.swift */; };
		D636ED1027C6ED8D00162A56 /* SportsCollectionViewController.swift in Sources */ = {isa = PBXBuildFile; fileRef = D636ED0F27C6ED8D00162A56 /* SportsCollectionViewController.swift */; };
		D636ED1327C6F60B00162A56 /* APICaller.swift in Sources */ = {isa = PBXBuildFile; fileRef = D636ED1227C6F60B00162A56 /* APICaller.swift */; };
		D636ED1527C70D2400162A56 /* SportsModel.swift in Sources */ = {isa = PBXBuildFile; fileRef = D636ED1427C70D2400162A56 /* SportsModel.swift */; };
		D6698E1327CD50C60061CB23 /* UpcomingEventModel.swift in Sources */ = {isa = PBXBuildFile; fileRef = D6698E1227CD50C60061CB23 /* UpcomingEventModel.swift */; };
		D6698E1527CD50DA0061CB23 /* UpcomingEventData.swift in Sources */ = {isa = PBXBuildFile; fileRef = D6698E1427CD50DA0061CB23 /* UpcomingEventData.swift */; };
		D6698E1727CD546C0061CB23 /* UpcomingEventCollectionViewCell.swift in Sources */ = {isa = PBXBuildFile; fileRef = D6698E1627CD546C0061CB23 /* UpcomingEventCollectionViewCell.swift */; };
		D6698E1927CD54990061CB23 /* LatestResultCollectionViewCell.swift in Sources */ = {isa = PBXBuildFile; fileRef = D6698E1827CD54990061CB23 /* LatestResultCollectionViewCell.swift */; };
		D6698E1F27CD82A90061CB23 /* TeamsCollectionViewCell.swift in Sources */ = {isa = PBXBuildFile; fileRef = D6698E1E27CD82A90061CB23 /* TeamsCollectionViewCell.swift */; };
		D6698E2127CD89040061CB23 /* LeagueDetailsViewController.swift in Sources */ = {isa = PBXBuildFile; fileRef = D6698E2027CD89040061CB23 /* LeagueDetailsViewController.swift */; };
		D6713E8727CE3AD000C398E7 /* LatestEventsModel.swift in Sources */ = {isa = PBXBuildFile; fileRef = D6713E8627CE3AD000C398E7 /* LatestEventsModel.swift */; };
		D6713E8927CE3ADE00C398E7 /* LatestEventsData.swift in Sources */ = {isa = PBXBuildFile; fileRef = D6713E8827CE3ADE00C398E7 /* LatestEventsData.swift */; };
		D6713E8D27CED62600C398E7 /* TeamsModel.swift in Sources */ = {isa = PBXBuildFile; fileRef = D6713E8C27CED62600C398E7 /* TeamsModel.swift */; };
		D6713E8F27CED63200C398E7 /* TeamsData.swift in Sources */ = {isa = PBXBuildFile; fileRef = D6713E8E27CED63200C398E7 /* TeamsData.swift */; };
		D675414727C7CD0E00FB2FF0 /* SportsCollectionViewCell.swift in Sources */ = {isa = PBXBuildFile; fileRef = D675414627C7CD0E00FB2FF0 /* SportsCollectionViewCell.swift */; };
		D68869C827CAC2A100931333 /* SportsData.swift in Sources */ = {isa = PBXBuildFile; fileRef = D68869C727CAC2A100931333 /* SportsData.swift */; };
		D6AF0E6227CC2CF300ABA86D /* LeguesTableViewCell.swift in Sources */ = {isa = PBXBuildFile; fileRef = D6AF0E6127CC2CF300ABA86D /* LeguesTableViewCell.swift */; };
		D6AF0E6427CC45D000ABA86D /* SpecificSportModel.swift in Sources */ = {isa = PBXBuildFile; fileRef = D6AF0E6327CC45D000ABA86D /* SpecificSportModel.swift */; };
		D6AF0E6627CC45E000ABA86D /* SpecificSportData.swift in Sources */ = {isa = PBXBuildFile; fileRef = D6AF0E6527CC45E000ABA86D /* SpecificSportData.swift */; };
		D6EFBFC827CF9C2100885A71 /* FavouritTableViewController.swift in Sources */ = {isa = PBXBuildFile; fileRef = D6EFBFC727CF9C2100885A71 /* FavouritTableViewController.swift */; };
		F246F9D3A8750CF11A96FC5F /* Pods_AESport.framework in Frameworks */ = {isa = PBXBuildFile; fileRef = 9BD461108EDD6B4781173FDA /* Pods_AESport.framework */; };
/* End PBXBuildFile section */

/* Begin PBXFileReference section */
		6A2BB07BED8B5726A2BECAE2 /* Pods-AESport.debug.xcconfig */ = {isa = PBXFileReference; includeInIndex = 1; lastKnownFileType = text.xcconfig; name = "Pods-AESport.debug.xcconfig"; path = "Target Support Files/Pods-AESport/Pods-AESport.debug.xcconfig"; sourceTree = "<group>"; };
		9BD461108EDD6B4781173FDA /* Pods_AESport.framework */ = {isa = PBXFileReference; explicitFileType = wrapper.framework; includeInIndex = 0; path = Pods_AESport.framework; sourceTree = BUILT_PRODUCTS_DIR; };
		D11B953F8F704A154C4F6568 /* Pods-AESport.release.xcconfig */ = {isa = PBXFileReference; includeInIndex = 1; lastKnownFileType = text.xcconfig; name = "Pods-AESport.release.xcconfig"; path = "Target Support Files/Pods-AESport/Pods-AESport.release.xcconfig"; sourceTree = "<group>"; };
		D636ECE627C6E71A00162A56 /* AESport.app */ = {isa = PBXFileReference; explicitFileType = wrapper.application; includeInIndex = 0; path = AESport.app; sourceTree = BUILT_PRODUCTS_DIR; };
		D636ECE927C6E71A00162A56 /* AppDelegate.swift */ = {isa = PBXFileReference; lastKnownFileType = sourcecode.swift; path = AppDelegate.swift; sourceTree = "<group>"; };
		D636ECEB27C6E71A00162A56 /* SceneDelegate.swift */ = {isa = PBXFileReference; lastKnownFileType = sourcecode.swift; path = SceneDelegate.swift; sourceTree = "<group>"; };
		D636ECF027C6E71A00162A56 /* Base */ = {isa = PBXFileReference; lastKnownFileType = file.storyboard; name = Base; path = Base.lproj/Main.storyboard; sourceTree = "<group>"; };
		D636ECF327C6E71A00162A56 /* AESport.xcdatamodel */ = {isa = PBXFileReference; lastKnownFileType = wrapper.xcdatamodel; path = AESport.xcdatamodel; sourceTree = "<group>"; };
		D636ECF527C6E71B00162A56 /* Assets.xcassets */ = {isa = PBXFileReference; lastKnownFileType = folder.assetcatalog; path = Assets.xcassets; sourceTree = "<group>"; };
		D636ECF827C6E71B00162A56 /* Base */ = {isa = PBXFileReference; lastKnownFileType = file.storyboard; name = Base; path = Base.lproj/LaunchScreen.storyboard; sourceTree = "<group>"; };
		D636ECFA27C6E71B00162A56 /* Info.plist */ = {isa = PBXFileReference; lastKnownFileType = text.plist.xml; path = Info.plist; sourceTree = "<group>"; };
		D636ED0727C6E80700162A56 /* LeaguesTableViewController.swift */ = {isa = PBXFileReference; lastKnownFileType = sourcecode.swift; path = LeaguesTableViewController.swift; sourceTree = "<group>"; };
		D636ED0B27C6E83B00162A56 /* TeamDetailsViewController.swift */ = {isa = PBXFileReference; lastKnownFileType = sourcecode.swift; path = TeamDetailsViewController.swift; sourceTree = "<group>"; };
		D636ED0F27C6ED8D00162A56 /* SportsCollectionViewController.swift */ = {isa = PBXFileReference; lastKnownFileType = sourcecode.swift; path = SportsCollectionViewController.swift; sourceTree = "<group>"; };
		D636ED1227C6F60B00162A56 /* APICaller.swift */ = {isa = PBXFileReference; lastKnownFileType = sourcecode.swift; path = APICaller.swift; sourceTree = "<group>"; };
		D636ED1427C70D2400162A56 /* SportsModel.swift */ = {isa = PBXFileReference; lastKnownFileType = sourcecode.swift; path = SportsModel.swift; sourceTree = "<group>"; };
		D6698E1227CD50C60061CB23 /* UpcomingEventModel.swift */ = {isa = PBXFileReference; lastKnownFileType = sourcecode.swift; path = UpcomingEventModel.swift; sourceTree = "<group>"; };
		D6698E1427CD50DA0061CB23 /* UpcomingEventData.swift */ = {isa = PBXFileReference; lastKnownFileType = sourcecode.swift; path = UpcomingEventData.swift; sourceTree = "<group>"; };
		D6698E1627CD546C0061CB23 /* UpcomingEventCollectionViewCell.swift */ = {isa = PBXFileReference; lastKnownFileType = sourcecode.swift; path = UpcomingEventCollectionViewCell.swift; sourceTree = "<group>"; };
		D6698E1827CD54990061CB23 /* LatestResultCollectionViewCell.swift */ = {isa = PBXFileReference; lastKnownFileType = sourcecode.swift; path = LatestResultCollectionViewCell.swift; sourceTree = "<group>"; };
		D6698E1E27CD82A90061CB23 /* TeamsCollectionViewCell.swift */ = {isa = PBXFileReference; lastKnownFileType = sourcecode.swift; path = TeamsCollectionViewCell.swift; sourceTree = "<group>"; };
		D6698E2027CD89040061CB23 /* LeagueDetailsViewController.swift */ = {isa = PBXFileReference; lastKnownFileType = sourcecode.swift; path = LeagueDetailsViewController.swift; sourceTree = "<group>"; };
		D6713E8627CE3AD000C398E7 /* LatestEventsModel.swift */ = {isa = PBXFileReference; lastKnownFileType = sourcecode.swift; path = LatestEventsModel.swift; sourceTree = "<group>"; };
		D6713E8827CE3ADE00C398E7 /* LatestEventsData.swift */ = {isa = PBXFileReference; lastKnownFileType = sourcecode.swift; path = LatestEventsData.swift; sourceTree = "<group>"; };
		D6713E8C27CED62600C398E7 /* TeamsModel.swift */ = {isa = PBXFileReference; lastKnownFileType = sourcecode.swift; path = TeamsModel.swift; sourceTree = "<group>"; };
		D6713E8E27CED63200C398E7 /* TeamsData.swift */ = {isa = PBXFileReference; lastKnownFileType = sourcecode.swift; path = TeamsData.swift; sourceTree = "<group>"; };
		D675414627C7CD0E00FB2FF0 /* SportsCollectionViewCell.swift */ = {isa = PBXFileReference; lastKnownFileType = sourcecode.swift; path = SportsCollectionViewCell.swift; sourceTree = "<group>"; };
		D68869C727CAC2A100931333 /* SportsData.swift */ = {isa = PBXFileReference; lastKnownFileType = sourcecode.swift; path = SportsData.swift; sourceTree = "<group>"; };
		D6AF0E6127CC2CF300ABA86D /* LeguesTableViewCell.swift */ = {isa = PBXFileReference; lastKnownFileType = sourcecode.swift; path = LeguesTableViewCell.swift; sourceTree = "<group>"; };
		D6AF0E6327CC45D000ABA86D /* SpecificSportModel.swift */ = {isa = PBXFileReference; lastKnownFileType = sourcecode.swift; path = SpecificSportModel.swift; sourceTree = "<group>"; };
		D6AF0E6527CC45E000ABA86D /* SpecificSportData.swift */ = {isa = PBXFileReference; lastKnownFileType = sourcecode.swift; path = SpecificSportData.swift; sourceTree = "<group>"; };
		D6EFBFC727CF9C2100885A71 /* FavouritTableViewController.swift */ = {isa = PBXFileReference; lastKnownFileType = sourcecode.swift; path = FavouritTableViewController.swift; sourceTree = "<group>"; };
/* End PBXFileReference section */

/* Begin PBXFrameworksBuildPhase section */
		D636ECE327C6E71A00162A56 /* Frameworks */ = {
			isa = PBXFrameworksBuildPhase;
			buildActionMask = 2147483647;
			files = (
				F246F9D3A8750CF11A96FC5F /* Pods_AESport.framework in Frameworks */,
			);
			runOnlyForDeploymentPostprocessing = 0;
		};
/* End PBXFrameworksBuildPhase section */

/* Begin PBXGroup section */
		09E0D5B9269EE7C9A896E839 /* Pods */ = {
			isa = PBXGroup;
			children = (
				6A2BB07BED8B5726A2BECAE2 /* Pods-AESport.debug.xcconfig */,
				D11B953F8F704A154C4F6568 /* Pods-AESport.release.xcconfig */,
			);
			path = Pods;
			sourceTree = "<group>";
		};
		9303128C17099AEABF1B0894 /* Frameworks */ = {
			isa = PBXGroup;
			children = (
				9BD461108EDD6B4781173FDA /* Pods_AESport.framework */,
			);
			name = Frameworks;
			sourceTree = "<group>";
		};
		D636ECDD27C6E71A00162A56 = {
			isa = PBXGroup;
			children = (
				D636ECE827C6E71A00162A56 /* AESport */,
				D636ECE727C6E71A00162A56 /* Products */,
				09E0D5B9269EE7C9A896E839 /* Pods */,
				9303128C17099AEABF1B0894 /* Frameworks */,
			);
			sourceTree = "<group>";
		};
		D636ECE727C6E71A00162A56 /* Products */ = {
			isa = PBXGroup;
			children = (
				D636ECE627C6E71A00162A56 /* AESport.app */,
			);
			name = Products;
			sourceTree = "<group>";
		};
		D636ECE827C6E71A00162A56 /* AESport */ = {
			isa = PBXGroup;
			children = (
				D636ED0027C6E73F00162A56 /* Resources */,
				D636ED1127C6F5EF00162A56 /* API Networking */,
				D636ED0427C6E78A00162A56 /* Model */,
				D636ED0227C6E76400162A56 /* VIew */,
				D636ED0127C6E75800162A56 /* Controller */,
				D636ECFA27C6E71B00162A56 /* Info.plist */,
				D636ECF227C6E71A00162A56 /* AESport.xcdatamodeld */,
			);
			path = AESport;
			sourceTree = "<group>";
		};
		D636ED0027C6E73F00162A56 /* Resources */ = {
			isa = PBXGroup;
			children = (
				D636ECE927C6E71A00162A56 /* AppDelegate.swift */,
				D636ECEB27C6E71A00162A56 /* SceneDelegate.swift */,
			);
			path = Resources;
			sourceTree = "<group>";
		};
		D636ED0127C6E75800162A56 /* Controller */ = {
			isa = PBXGroup;
			children = (
				D636ED0D27C6E84800162A56 /* Core tabs */,
				D636ED0E27C6E85600162A56 /* Other Screen */,
			);
			path = Controller;
			sourceTree = "<group>";
		};
		D636ED0227C6E76400162A56 /* VIew */ = {
			isa = PBXGroup;
			children = (
				D675414527C7CCDE00FB2FF0 /* Cells */,
				D636ED0327C6E77700162A56 /* Story board */,
				D636ECF527C6E71B00162A56 /* Assets.xcassets */,
			);
			path = VIew;
			sourceTree = "<group>";
		};
		D636ED0327C6E77700162A56 /* Story board */ = {
			isa = PBXGroup;
			children = (
				D636ECEF27C6E71A00162A56 /* Main.storyboard */,
				D636ECF727C6E71B00162A56 /* LaunchScreen.storyboard */,
			);
			path = "Story board";
			sourceTree = "<group>";
		};
		D636ED0427C6E78A00162A56 /* Model */ = {
			isa = PBXGroup;
			children = (
				D636ED1427C70D2400162A56 /* SportsModel.swift */,
				D68869C727CAC2A100931333 /* SportsData.swift */,
				D6AF0E6327CC45D000ABA86D /* SpecificSportModel.swift */,
				D6AF0E6527CC45E000ABA86D /* SpecificSportData.swift */,
				D6698E1227CD50C60061CB23 /* UpcomingEventModel.swift */,
				D6698E1427CD50DA0061CB23 /* UpcomingEventData.swift */,
				D6713E8627CE3AD000C398E7 /* LatestEventsModel.swift */,
				D6713E8827CE3ADE00C398E7 /* LatestEventsData.swift */,
				D6713E8C27CED62600C398E7 /* TeamsModel.swift */,
				D6713E8E27CED63200C398E7 /* TeamsData.swift */,
			);
			path = Model;
			sourceTree = "<group>";
		};
		D636ED0D27C6E84800162A56 /* Core tabs */ = {
			isa = PBXGroup;
			children = (
				D636ED0F27C6ED8D00162A56 /* SportsCollectionViewController.swift */,
				D6EFBFC727CF9C2100885A71 /* FavouritTableViewController.swift */,
			);
			path = "Core tabs";
			sourceTree = "<group>";
		};
		D636ED0E27C6E85600162A56 /* Other Screen */ = {
			isa = PBXGroup;
			children = (
				D636ED0727C6E80700162A56 /* LeaguesTableViewController.swift */,
				D6698E2027CD89040061CB23 /* LeagueDetailsViewController.swift */,
				D636ED0B27C6E83B00162A56 /* TeamDetailsViewController.swift */,
			);
			path = "Other Screen";
			sourceTree = "<group>";
		};
		D636ED1127C6F5EF00162A56 /* API Networking */ = {
			isa = PBXGroup;
			children = (
				D636ED1227C6F60B00162A56 /* APICaller.swift */,
			);
			path = "API Networking";
			sourceTree = "<group>";
		};
		D675414527C7CCDE00FB2FF0 /* Cells */ = {
			isa = PBXGroup;
			children = (
				D675414627C7CD0E00FB2FF0 /* SportsCollectionViewCell.swift */,
				D6AF0E6127CC2CF300ABA86D /* LeguesTableViewCell.swift */,
				D6698E1627CD546C0061CB23 /* UpcomingEventCollectionViewCell.swift */,
				D6698E1827CD54990061CB23 /* LatestResultCollectionViewCell.swift */,
				D6698E1E27CD82A90061CB23 /* TeamsCollectionViewCell.swift */,
			);
			path = Cells;
			sourceTree = "<group>";
		};
/* End PBXGroup section */

/* Begin PBXNativeTarget section */
		D636ECE527C6E71A00162A56 /* AESport */ = {
			isa = PBXNativeTarget;
			buildConfigurationList = D636ECFD27C6E71B00162A56 /* Build configuration list for PBXNativeTarget "AESport" */;
			buildPhases = (
				60EDF3E1FF693A38D254BCE7 /* [CP] Check Pods Manifest.lock */,
				D636ECE227C6E71A00162A56 /* Sources */,
				D636ECE327C6E71A00162A56 /* Frameworks */,
				D636ECE427C6E71A00162A56 /* Resources */,
				6414B352AB723D5BB41A06E1 /* [CP] Embed Pods Frameworks */,
			);
			buildRules = (
			);
			dependencies = (
			);
			name = AESport;
			productName = AESport;
			productReference = D636ECE627C6E71A00162A56 /* AESport.app */;
			productType = "com.apple.product-type.application";
		};
/* End PBXNativeTarget section */

/* Begin PBXProject section */
		D636ECDE27C6E71A00162A56 /* Project object */ = {
			isa = PBXProject;
			attributes = {
				BuildIndependentTargetsInParallel = 1;
				LastSwiftUpdateCheck = 1320;
				LastUpgradeCheck = 1320;
				TargetAttributes = {
					D636ECE527C6E71A00162A56 = {
						CreatedOnToolsVersion = 13.2.1;
					};
				};
			};
			buildConfigurationList = D636ECE127C6E71A00162A56 /* Build configuration list for PBXProject "AESport" */;
			compatibilityVersion = "Xcode 13.0";
			developmentRegion = en;
			hasScannedForEncodings = 0;
			knownRegions = (
				en,
				Base,
			);
			mainGroup = D636ECDD27C6E71A00162A56;
			productRefGroup = D636ECE727C6E71A00162A56 /* Products */;
			projectDirPath = "";
			projectRoot = "";
			targets = (
				D636ECE527C6E71A00162A56 /* AESport */,
			);
		};
/* End PBXProject section */

/* Begin PBXResourcesBuildPhase section */
		D636ECE427C6E71A00162A56 /* Resources */ = {
			isa = PBXResourcesBuildPhase;
			buildActionMask = 2147483647;
			files = (
				D636ECF927C6E71B00162A56 /* LaunchScreen.storyboard in Resources */,
				D636ECF127C6E71A00162A56 /* Main.storyboard in Resources */,
			);
			runOnlyForDeploymentPostprocessing = 0;
		};
/* End PBXResourcesBuildPhase section */

/* Begin PBXShellScriptBuildPhase section */
		60EDF3E1FF693A38D254BCE7 /* [CP] Check Pods Manifest.lock */ = {
			isa = PBXShellScriptBuildPhase;
			buildActionMask = 2147483647;
			files = (
			);
			inputFileListPaths = (
			);
			inputPaths = (
				"${PODS_PODFILE_DIR_PATH}/Podfile.lock",
				"${PODS_ROOT}/Manifest.lock",
			);
			name = "[CP] Check Pods Manifest.lock";
			outputFileListPaths = (
			);
			outputPaths = (
				"$(DERIVED_FILE_DIR)/Pods-AESport-checkManifestLockResult.txt",
			);
			runOnlyForDeploymentPostprocessing = 0;
			shellPath = /bin/sh;
			shellScript = "diff \"${PODS_PODFILE_DIR_PATH}/Podfile.lock\" \"${PODS_ROOT}/Manifest.lock\" > /dev/null\nif [ $? != 0 ] ; then\n    # print error to STDERR\n    echo \"error: The sandbox is not in sync with the Podfile.lock. Run 'pod install' or update your CocoaPods installation.\" >&2\n    exit 1\nfi\n# This output is used by Xcode 'outputs' to avoid re-running this script phase.\necho \"SUCCESS\" > \"${SCRIPT_OUTPUT_FILE_0}\"\n";
			showEnvVarsInLog = 0;
		};
		6414B352AB723D5BB41A06E1 /* [CP] Embed Pods Frameworks */ = {
			isa = PBXShellScriptBuildPhase;
			buildActionMask = 2147483647;
			files = (
			);
			inputFileListPaths = (
				"${PODS_ROOT}/Target Support Files/Pods-AESport/Pods-AESport-frameworks-${CONFIGURATION}-input-files.xcfilelist",
			);
			name = "[CP] Embed Pods Frameworks";
			outputFileListPaths = (
				"${PODS_ROOT}/Target Support Files/Pods-AESport/Pods-AESport-frameworks-${CONFIGURATION}-output-files.xcfilelist",
			);
			runOnlyForDeploymentPostprocessing = 0;
			shellPath = /bin/sh;
			shellScript = "\"${PODS_ROOT}/Target Support Files/Pods-AESport/Pods-AESport-frameworks.sh\"\n";
			showEnvVarsInLog = 0;
		};
/* End PBXShellScriptBuildPhase section */

/* Begin PBXSourcesBuildPhase section */
		D636ECE227C6E71A00162A56 /* Sources */ = {
			isa = PBXSourcesBuildPhase;
			buildActionMask = 2147483647;
			files = (
				D6AF0E6427CC45D000ABA86D /* SpecificSportModel.swift in Sources */,
				D6EFBFC827CF9C2100885A71 /* FavouritTableViewController.swift in Sources */,
				D6713E8D27CED62600C398E7 /* TeamsModel.swift in Sources */,
				D636ED1527C70D2400162A56 /* SportsModel.swift in Sources */,
				D6698E1727CD546C0061CB23 /* UpcomingEventCollectionViewCell.swift in Sources */,
				D6698E1527CD50DA0061CB23 /* UpcomingEventData.swift in Sources */,
				D6698E1927CD54990061CB23 /* LatestResultCollectionViewCell.swift in Sources */,
				D636ED0827C6E80700162A56 /* LeaguesTableViewController.swift in Sources */,
				D636ECEA27C6E71A00162A56 /* AppDelegate.swift in Sources */,
				D636ECF427C6E71A00162A56 /* AESport.xcdatamodeld in Sources */,
				D68869C827CAC2A100931333 /* SportsData.swift in Sources */,
				D6698E1F27CD82A90061CB23 /* TeamsCollectionViewCell.swift in Sources */,
				D6698E2127CD89040061CB23 /* LeagueDetailsViewController.swift in Sources */,
				D6713E8927CE3ADE00C398E7 /* LatestEventsData.swift in Sources */,
				D636ECEC27C6E71A00162A56 /* SceneDelegate.swift in Sources */,
				D6713E8F27CED63200C398E7 /* TeamsData.swift in Sources */,
				D6AF0E6627CC45E000ABA86D /* SpecificSportData.swift in Sources */,
				D6698E1327CD50C60061CB23 /* UpcomingEventModel.swift in Sources */,
				D636ED1327C6F60B00162A56 /* APICaller.swift in Sources */,
				D675414727C7CD0E00FB2FF0 /* SportsCollectionViewCell.swift in Sources */,
				D6AF0E6227CC2CF300ABA86D /* LeguesTableViewCell.swift in Sources */,
				D6713E8727CE3AD000C398E7 /* LatestEventsModel.swift in Sources */,
				D636ED1027C6ED8D00162A56 /* SportsCollectionViewController.swift in Sources */,
				D636ED0C27C6E83B00162A56 /* TeamDetailsViewController.swift in Sources */,
			);
			runOnlyForDeploymentPostprocessing = 0;
		};
/* End PBXSourcesBuildPhase section */

/* Begin PBXVariantGroup section */
		D636ECEF27C6E71A00162A56 /* Main.storyboard */ = {
			isa = PBXVariantGroup;
			children = (
				D636ECF027C6E71A00162A56 /* Base */,
			);
			name = Main.storyboard;
			sourceTree = "<group>";
		};
		D636ECF727C6E71B00162A56 /* LaunchScreen.storyboard */ = {
			isa = PBXVariantGroup;
			children = (
				D636ECF827C6E71B00162A56 /* Base */,
			);
			name = LaunchScreen.storyboard;
			sourceTree = "<group>";
		};
/* End PBXVariantGroup section */

/* Begin XCBuildConfiguration section */
		D636ECFB27C6E71B00162A56 /* Debug */ = {
			isa = XCBuildConfiguration;
			buildSettings = {
				ALWAYS_SEARCH_USER_PATHS = NO;
				CLANG_ANALYZER_NONNULL = YES;
				CLANG_ANALYZER_NUMBER_OBJECT_CONVERSION = YES_AGGRESSIVE;
				CLANG_CXX_LANGUAGE_STANDARD = "gnu++17";
				CLANG_CXX_LIBRARY = "libc++";
				CLANG_ENABLE_MODULES = YES;
				CLANG_ENABLE_OBJC_ARC = YES;
				CLANG_ENABLE_OBJC_WEAK = YES;
				CLANG_WARN_BLOCK_CAPTURE_AUTORELEASING = YES;
				CLANG_WARN_BOOL_CONVERSION = YES;
				CLANG_WARN_COMMA = YES;
				CLANG_WARN_CONSTANT_CONVERSION = YES;
				CLANG_WARN_DEPRECATED_OBJC_IMPLEMENTATIONS = YES;
				CLANG_WARN_DIRECT_OBJC_ISA_USAGE = YES_ERROR;
				CLANG_WARN_DOCUMENTATION_COMMENTS = YES;
				CLANG_WARN_EMPTY_BODY = YES;
				CLANG_WARN_ENUM_CONVERSION = YES;
				CLANG_WARN_INFINITE_RECURSION = YES;
				CLANG_WARN_INT_CONVERSION = YES;
				CLANG_WARN_NON_LITERAL_NULL_CONVERSION = YES;
				CLANG_WARN_OBJC_IMPLICIT_RETAIN_SELF = YES;
				CLANG_WARN_OBJC_LITERAL_CONVERSION = YES;
				CLANG_WARN_OBJC_ROOT_CLASS = YES_ERROR;
				CLANG_WARN_QUOTED_INCLUDE_IN_FRAMEWORK_HEADER = YES;
				CLANG_WARN_RANGE_LOOP_ANALYSIS = YES;
				CLANG_WARN_STRICT_PROTOTYPES = YES;
				CLANG_WARN_SUSPICIOUS_MOVE = YES;
				CLANG_WARN_UNGUARDED_AVAILABILITY = YES_AGGRESSIVE;
				CLANG_WARN_UNREACHABLE_CODE = YES;
				CLANG_WARN__DUPLICATE_METHOD_MATCH = YES;
				COPY_PHASE_STRIP = NO;
				DEBUG_INFORMATION_FORMAT = dwarf;
				ENABLE_STRICT_OBJC_MSGSEND = YES;
				ENABLE_TESTABILITY = YES;
				GCC_C_LANGUAGE_STANDARD = gnu11;
				GCC_DYNAMIC_NO_PIC = NO;
				GCC_NO_COMMON_BLOCKS = YES;
				GCC_OPTIMIZATION_LEVEL = 0;
				GCC_PREPROCESSOR_DEFINITIONS = (
					"DEBUG=1",
					"$(inherited)",
				);
				GCC_WARN_64_TO_32_BIT_CONVERSION = YES;
				GCC_WARN_ABOUT_RETURN_TYPE = YES_ERROR;
				GCC_WARN_UNDECLARED_SELECTOR = YES;
				GCC_WARN_UNINITIALIZED_AUTOS = YES_AGGRESSIVE;
				GCC_WARN_UNUSED_FUNCTION = YES;
				GCC_WARN_UNUSED_VARIABLE = YES;
				IPHONEOS_DEPLOYMENT_TARGET = 15.2;
				MTL_ENABLE_DEBUG_INFO = INCLUDE_SOURCE;
				MTL_FAST_MATH = YES;
				ONLY_ACTIVE_ARCH = YES;
				SDKROOT = iphoneos;
				SWIFT_ACTIVE_COMPILATION_CONDITIONS = DEBUG;
				SWIFT_OPTIMIZATION_LEVEL = "-Onone";
			};
			name = Debug;
		};
		D636ECFC27C6E71B00162A56 /* Release */ = {
			isa = XCBuildConfiguration;
			buildSettings = {
				ALWAYS_SEARCH_USER_PATHS = NO;
				CLANG_ANALYZER_NONNULL = YES;
				CLANG_ANALYZER_NUMBER_OBJECT_CONVERSION = YES_AGGRESSIVE;
				CLANG_CXX_LANGUAGE_STANDARD = "gnu++17";
				CLANG_CXX_LIBRARY = "libc++";
				CLANG_ENABLE_MODULES = YES;
				CLANG_ENABLE_OBJC_ARC = YES;
				CLANG_ENABLE_OBJC_WEAK = YES;
				CLANG_WARN_BLOCK_CAPTURE_AUTORELEASING = YES;
				CLANG_WARN_BOOL_CONVERSION = YES;
				CLANG_WARN_COMMA = YES;
				CLANG_WARN_CONSTANT_CONVERSION = YES;
				CLANG_WARN_DEPRECATED_OBJC_IMPLEMENTATIONS = YES;
				CLANG_WARN_DIRECT_OBJC_ISA_USAGE = YES_ERROR;
				CLANG_WARN_DOCUMENTATION_COMMENTS = YES;
				CLANG_WARN_EMPTY_BODY = YES;
				CLANG_WARN_ENUM_CONVERSION = YES;
				CLANG_WARN_INFINITE_RECURSION = YES;
				CLANG_WARN_INT_CONVERSION = YES;
				CLANG_WARN_NON_LITERAL_NULL_CONVERSION = YES;
				CLANG_WARN_OBJC_IMPLICIT_RETAIN_SELF = YES;
				CLANG_WARN_OBJC_LITERAL_CONVERSION = YES;
				CLANG_WARN_OBJC_ROOT_CLASS = YES_ERROR;
				CLANG_WARN_QUOTED_INCLUDE_IN_FRAMEWORK_HEADER = YES;
				CLANG_WARN_RANGE_LOOP_ANALYSIS = YES;
				CLANG_WARN_STRICT_PROTOTYPES = YES;
				CLANG_WARN_SUSPICIOUS_MOVE = YES;
				CLANG_WARN_UNGUARDED_AVAILABILITY = YES_AGGRESSIVE;
				CLANG_WARN_UNREACHABLE_CODE = YES;
				CLANG_WARN__DUPLICATE_METHOD_MATCH = YES;
				COPY_PHASE_STRIP = NO;
				DEBUG_INFORMATION_FORMAT = "dwarf-with-dsym";
				ENABLE_NS_ASSERTIONS = NO;
				ENABLE_STRICT_OBJC_MSGSEND = YES;
				GCC_C_LANGUAGE_STANDARD = gnu11;
				GCC_NO_COMMON_BLOCKS = YES;
				GCC_WARN_64_TO_32_BIT_CONVERSION = YES;
				GCC_WARN_ABOUT_RETURN_TYPE = YES_ERROR;
				GCC_WARN_UNDECLARED_SELECTOR = YES;
				GCC_WARN_UNINITIALIZED_AUTOS = YES_AGGRESSIVE;
				GCC_WARN_UNUSED_FUNCTION = YES;
				GCC_WARN_UNUSED_VARIABLE = YES;
				IPHONEOS_DEPLOYMENT_TARGET = 15.2;
				MTL_ENABLE_DEBUG_INFO = NO;
				MTL_FAST_MATH = YES;
				SDKROOT = iphoneos;
				SWIFT_COMPILATION_MODE = wholemodule;
				SWIFT_OPTIMIZATION_LEVEL = "-O";
				VALIDATE_PRODUCT = YES;
			};
			name = Release;
		};
		D636ECFE27C6E71B00162A56 /* Debug */ = {
			isa = XCBuildConfiguration;
			baseConfigurationReference = 6A2BB07BED8B5726A2BECAE2 /* Pods-AESport.debug.xcconfig */;
			buildSettings = {
				ASSETCATALOG_COMPILER_APPICON_NAME = AppIcon;
				ASSETCATALOG_COMPILER_GLOBAL_ACCENT_COLOR_NAME = AccentColor;
				CODE_SIGN_STYLE = Automatic;
				CURRENT_PROJECT_VERSION = 1;
				GENERATE_INFOPLIST_FILE = YES;
				INFOPLIST_FILE = AESport/Info.plist;
				INFOPLIST_KEY_UIApplicationSupportsIndirectInputEvents = YES;
				INFOPLIST_KEY_UILaunchStoryboardName = LaunchScreen;
				INFOPLIST_KEY_UIMainStoryboardFile = Main;
				INFOPLIST_KEY_UISupportedInterfaceOrientations_iPad = "UIInterfaceOrientationPortrait UIInterfaceOrientationPortraitUpsideDown UIInterfaceOrientationLandscapeLeft UIInterfaceOrientationLandscapeRight";
				INFOPLIST_KEY_UISupportedInterfaceOrientations_iPhone = "UIInterfaceOrientationPortrait UIInterfaceOrientationLandscapeLeft UIInterfaceOrientationLandscapeRight";
				LD_RUNPATH_SEARCH_PATHS = (
					"$(inherited)",
					"@executable_path/Frameworks",
				);
				MARKETING_VERSION = 1.0;
				PRODUCT_BUNDLE_IDENTIFIER = abdallah.AESport;
				PRODUCT_NAME = "$(TARGET_NAME)";
				SWIFT_EMIT_LOC_STRINGS = YES;
				SWIFT_VERSION = 5.0;
				TARGETED_DEVICE_FAMILY = "1,2";
			};
			name = Debug;
		};
		D636ECFF27C6E71B00162A56 /* Release */ = {
			isa = XCBuildConfiguration;
			baseConfigurationReference = D11B953F8F704A154C4F6568 /* Pods-AESport.release.xcconfig */;
			buildSettings = {
				ASSETCATALOG_COMPILER_APPICON_NAME = AppIcon;
				ASSETCATALOG_COMPILER_GLOBAL_ACCENT_COLOR_NAME = AccentColor;
				CODE_SIGN_STYLE = Automatic;
				CURRENT_PROJECT_VERSION = 1;
				GENERATE_INFOPLIST_FILE = YES;
				INFOPLIST_FILE = AESport/Info.plist;
				INFOPLIST_KEY_UIApplicationSupportsIndirectInputEvents = YES;
				INFOPLIST_KEY_UILaunchStoryboardName = LaunchScreen;
				INFOPLIST_KEY_UIMainStoryboardFile = Main;
				INFOPLIST_KEY_UISupportedInterfaceOrientations_iPad = "UIInterfaceOrientationPortrait UIInterfaceOrientationPortraitUpsideDown UIInterfaceOrientationLandscapeLeft UIInterfaceOrientationLandscapeRight";
				INFOPLIST_KEY_UISupportedInterfaceOrientations_iPhone = "UIInterfaceOrientationPortrait UIInterfaceOrientationLandscapeLeft UIInterfaceOrientationLandscapeRight";
				LD_RUNPATH_SEARCH_PATHS = (
					"$(inherited)",
					"@executable_path/Frameworks",
				);
				MARKETING_VERSION = 1.0;
				PRODUCT_BUNDLE_IDENTIFIER = abdallah.AESport;
				PRODUCT_NAME = "$(TARGET_NAME)";
				SWIFT_EMIT_LOC_STRINGS = YES;
				SWIFT_VERSION = 5.0;
				TARGETED_DEVICE_FAMILY = "1,2";
			};
			name = Release;
		};
/* End XCBuildConfiguration section */

/* Begin XCConfigurationList section */
		D636ECE127C6E71A00162A56 /* Build configuration list for PBXProject "AESport" */ = {
			isa = XCConfigurationList;
			buildConfigurations = (
				D636ECFB27C6E71B00162A56 /* Debug */,
				D636ECFC27C6E71B00162A56 /* Release */,
			);
			defaultConfigurationIsVisible = 0;
			defaultConfigurationName = Release;
		};
		D636ECFD27C6E71B00162A56 /* Build configuration list for PBXNativeTarget "AESport" */ = {
			isa = XCConfigurationList;
			buildConfigurations = (
				D636ECFE27C6E71B00162A56 /* Debug */,
				D636ECFF27C6E71B00162A56 /* Release */,
			);
			defaultConfigurationIsVisible = 0;
			defaultConfigurationName = Release;
		};
/* End XCConfigurationList section */

/* Begin XCVersionGroup section */
		D636ECF227C6E71A00162A56 /* AESport.xcdatamodeld */ = {
			isa = XCVersionGroup;
			children = (
				D636ECF327C6E71A00162A56 /* AESport.xcdatamodel */,
			);
			currentVersion = D636ECF327C6E71A00162A56 /* AESport.xcdatamodel */;
			path = AESport.xcdatamodeld;
			sourceTree = "<group>";
			versionGroupType = wrapper.xcdatamodel;
		};
/* End XCVersionGroup section */
	};
	rootObject = D636ECDE27C6E71A00162A56 /* Project object */;
}
